
Microsoft Visual Studio Solution File, Format Version 12.00
# Visual Studio Version 17
VisualStudioVersion = 17.5.33530.505
MinimumVisualStudioVersion = 10.0.40219.1
Project("{FAE04EC0-301F-11D3-BF4B-00C04F79EFBC}") = "JogoDasPalavras.WinApp", "JogoDasPalavras.WinApp\JogoDasPalavras.WinApp.csproj", "{53F4C9CF-A480-478C-BA7D-A18278C59DA3}"
EndProject
Global
	GlobalSection(SolutionConfigurationPlatforms) = preSolution
		Debug|Any CPU = Debug|Any CPU
		Release|Any CPU = Release|Any CPU
	EndGlobalSection
	GlobalSection(ProjectConfigurationPlatforms) = postSolution
		{53F4C9CF-A480-478C-BA7D-A18278C59DA3}.Debug|Any CPU.ActiveCfg = Debug|Any CPU
		{53F4C9CF-A480-478C-BA7D-A18278C59DA3}.Debug|Any CPU.Build.0 = Debug|Any CPU
		{53F4C9CF-A480-478C-BA7D-A18278C59DA3}.Release|Any CPU.ActiveCfg = Release|Any CPU
		{53F4C9CF-A480-478C-BA7D-A18278C59DA3}.Release|Any CPU.Build.0 = Release|Any CPU
	EndGlobalSection
	GlobalSection(SolutionProperties) = preSolution
		HideSolutionNode = FALSE
	EndGlobalSection
	GlobalSection(ExtensibilityGlobals) = postSolution
		SolutionGuid = {88BFC75C-F36C-4950-B8FC-AF4D71481815}
	EndGlobalSection
EndGlobal
